
Microsoft Visual Studio Solution File, Format Version 12.00
# Visual Studio Version 16
VisualStudioVersion = 16.0.31205.134
MinimumVisualStudioVersion = 10.0.40219.1
Project("{9A19103F-16F7-4668-BE54-9A1E7A4F7556}") = "MediatorPoc", "MediatorPoc\MediatorPoc.csproj", "{0FA7C319-DEDC-4D65-AAAF-99D1EBECAA45}"
EndProject
Project("{2150E333-8FDC-42A3-9474-1A3956D46DE8}") = "1-API", "1-API", "{67E68101-0F7A-472D-A432-BCDF16E9E6AC}"
EndProject
Project("{2150E333-8FDC-42A3-9474-1A3956D46DE8}") = "2-CQRS", "2-CQRS", "{7A04D7DB-5373-496D-9EB2-8F479BE5E529}"
EndProject
Project("{FAE04EC0-301F-11D3-BF4B-00C04F79EFBC}") = "CQRS", "CQRS\CQRS.csproj", "{B8579ADD-C3A5-4244-9FB0-836CD53BDECE}"
EndProject
Global
	GlobalSection(SolutionConfigurationPlatforms) = preSolution
		Debug|Any CPU = Debug|Any CPU
		Release|Any CPU = Release|Any CPU
	EndGlobalSection
	GlobalSection(ProjectConfigurationPlatforms) = postSolution
		{0FA7C319-DEDC-4D65-AAAF-99D1EBECAA45}.Debug|Any CPU.ActiveCfg = Debug|Any CPU
		{0FA7C319-DEDC-4D65-AAAF-99D1EBECAA45}.Debug|Any CPU.Build.0 = Debug|Any CPU
		{0FA7C319-DEDC-4D65-AAAF-99D1EBECAA45}.Release|Any CPU.ActiveCfg = Release|Any CPU
		{0FA7C319-DEDC-4D65-AAAF-99D1EBECAA45}.Release|Any CPU.Build.0 = Release|Any CPU
		{B8579ADD-C3A5-4244-9FB0-836CD53BDECE}.Debug|Any CPU.ActiveCfg = Debug|Any CPU
		{B8579ADD-C3A5-4244-9FB0-836CD53BDECE}.Debug|Any CPU.Build.0 = Debug|Any CPU
		{B8579ADD-C3A5-4244-9FB0-836CD53BDECE}.Release|Any CPU.ActiveCfg = Release|Any CPU
		{B8579ADD-C3A5-4244-9FB0-836CD53BDECE}.Release|Any CPU.Build.0 = Release|Any CPU
	EndGlobalSection
	GlobalSection(SolutionProperties) = preSolution
		HideSolutionNode = FALSE
	EndGlobalSection
	GlobalSection(NestedProjects) = preSolution
		{0FA7C319-DEDC-4D65-AAAF-99D1EBECAA45} = {67E68101-0F7A-472D-A432-BCDF16E9E6AC}
		{B8579ADD-C3A5-4244-9FB0-836CD53BDECE} = {7A04D7DB-5373-496D-9EB2-8F479BE5E529}
	EndGlobalSection
	GlobalSection(ExtensibilityGlobals) = postSolution
		SolutionGuid = {88E38C7E-E79E-4286-94DE-B901F93B08E4}
	EndGlobalSection
EndGlobal
